
Microsoft Visual Studio Solution File, Format Version 12.00
# Visual Studio Version 16
VisualStudioVersion = 16.0.29509.3
MinimumVisualStudioVersion = 10.0.40219.1
Project("{FAE04EC0-301F-11D3-BF4B-00C04F79EFBC}") = "SGC", "SGC.csproj", "{A8A00E3D-2A97-4D8D-909E-8AC50BC1AAB3}"
EndProject
Global
	GlobalSection(SolutionConfigurationPlatforms) = preSolution
		Debug|Any CPU = Debug|Any CPU
		Release|Any CPU = Release|Any CPU
	EndGlobalSection
	GlobalSection(ProjectConfigurationPlatforms) = postSolution
		{A8A00E3D-2A97-4D8D-909E-8AC50BC1AAB3}.Debug|Any CPU.ActiveCfg = Debug|Any CPU
		{A8A00E3D-2A97-4D8D-909E-8AC50BC1AAB3}.Debug|Any CPU.Build.0 = Debug|Any CPU
		{A8A00E3D-2A97-4D8D-909E-8AC50BC1AAB3}.Release|Any CPU.ActiveCfg = Release|Any CPU
		{A8A00E3D-2A97-4D8D-909E-8AC50BC1AAB3}.Release|Any CPU.Build.0 = Release|Any CPU
	EndGlobalSection
	GlobalSection(SolutionProperties) = preSolution
		HideSolutionNode = FALSE
	EndGlobalSection
	GlobalSection(ExtensibilityGlobals) = postSolution
		SolutionGuid = {3997E340-DA84-44FA-92A2-6F9C69C4BDE0}
	EndGlobalSection
EndGlobal
